// !$*UTF8*$!
{
	archiveVersion = 1;
	classes = {
	};
	objectVersion = 46;
	objects = {

/* Begin PBXBuildFile section */
		039E010518EB063A00FC59C4 /* Foundation.framework in Frameworks */ = {isa = PBXBuildFile; fileRef = 039E010418EB063A00FC59C4 /* Foundation.framework */; };
		039E010718EB063A00FC59C4 /* CoreGraphics.framework in Frameworks */ = {isa = PBXBuildFile; fileRef = 039E010618EB063A00FC59C4 /* CoreGraphics.framework */; };
		039E010918EB063A00FC59C4 /* UIKit.framework in Frameworks */ = {isa = PBXBuildFile; fileRef = 039E010818EB063A00FC59C4 /* UIKit.framework */; };
		039E010F18EB063A00FC59C4 /* InfoPlist.strings in Resources */ = {isa = PBXBuildFile; fileRef = 039E010D18EB063A00FC59C4 /* InfoPlist.strings */; };
		039E011118EB063A00FC59C4 /* main.m in Sources */ = {isa = PBXBuildFile; fileRef = 039E011018EB063A00FC59C4 /* main.m */; };
		039E011518EB063A00FC59C4 /* MDAppDelegate.m in Sources */ = {isa = PBXBuildFile; fileRef = 039E011418EB063A00FC59C4 /* MDAppDelegate.m */; };
		039E011818EB063A00FC59C4 /* Main.storyboard in Resources */ = {isa = PBXBuildFile; fileRef = 039E011618EB063A00FC59C4 /* Main.storyboard */; };
		039E012418EB063A00FC59C4 /* XCTest.framework in Frameworks */ = {isa = PBXBuildFile; fileRef = 039E012318EB063A00FC59C4 /* XCTest.framework */; };
		039E012518EB063A00FC59C4 /* Foundation.framework in Frameworks */ = {isa = PBXBuildFile; fileRef = 039E010418EB063A00FC59C4 /* Foundation.framework */; };
		039E012618EB063A00FC59C4 /* UIKit.framework in Frameworks */ = {isa = PBXBuildFile; fileRef = 039E010818EB063A00FC59C4 /* UIKit.framework */; };
		039E012E18EB063A00FC59C4 /* InfoPlist.strings in Resources */ = {isa = PBXBuildFile; fileRef = 039E012C18EB063A00FC59C4 /* InfoPlist.strings */; };
		039E013018EB063A00FC59C4 /* myosicTests.m in Sources */ = {isa = PBXBuildFile; fileRef = 039E012F18EB063A00FC59C4 /* myosicTests.m */; };
		039E015818EB068800FC59C4 /* backward_pressed.png in Resources */ = {isa = PBXBuildFile; fileRef = 039E013A18EB068800FC59C4 /* backward_pressed.png */; };
		039E015918EB068800FC59C4 /* backward_pressed@2x.png in Resources */ = {isa = PBXBuildFile; fileRef = 039E013B18EB068800FC59C4 /* backward_pressed@2x.png */; };
		039E015A18EB068800FC59C4 /* backward.png in Resources */ = {isa = PBXBuildFile; fileRef = 039E013C18EB068800FC59C4 /* backward.png */; };
		039E015B18EB068800FC59C4 /* backward@2x.png in Resources */ = {isa = PBXBuildFile; fileRef = 039E013D18EB068800FC59C4 /* backward@2x.png */; };
		039E015C18EB068800FC59C4 /* forward_pressed.png in Resources */ = {isa = PBXBuildFile; fileRef = 039E013E18EB068800FC59C4 /* forward_pressed.png */; };
		039E015D18EB068800FC59C4 /* forward_pressed@2x.png in Resources */ = {isa = PBXBuildFile; fileRef = 039E013F18EB068800FC59C4 /* forward_pressed@2x.png */; };
		039E015E18EB068800FC59C4 /* forward.png in Resources */ = {isa = PBXBuildFile; fileRef = 039E014018EB068800FC59C4 /* forward.png */; };
		039E015F18EB068800FC59C4 /* forward@2x.png in Resources */ = {isa = PBXBuildFile; fileRef = 039E014118EB068800FC59C4 /* forward@2x.png */; };
		039E016018EB068800FC59C4 /* myo_logo_selected.png in Resources */ = {isa = PBXBuildFile; fileRef = 039E014218EB068800FC59C4 /* myo_logo_selected.png */; };
		039E016118EB068800FC59C4 /* myo_logo_selected@2x.png in Resources */ = {isa = PBXBuildFile; fileRef = 039E014318EB068800FC59C4 /* myo_logo_selected@2x.png */; };
		039E016218EB068800FC59C4 /* myo_logo.png in Resources */ = {isa = PBXBuildFile; fileRef = 039E014418EB068800FC59C4 /* myo_logo.png */; };
		039E016318EB068800FC59C4 /* myo_logo@2x.png in Resources */ = {isa = PBXBuildFile; fileRef = 039E014518EB068800FC59C4 /* myo_logo@2x.png */; };
		039E016418EB068800FC59C4 /* pause.png in Resources */ = {isa = PBXBuildFile; fileRef = 039E014618EB068800FC59C4 /* pause.png */; };
		039E016518EB068800FC59C4 /* pause@2x.png in Resources */ = {isa = PBXBuildFile; fileRef = 039E014718EB068800FC59C4 /* pause@2x.png */; };
		039E016618EB068800FC59C4 /* play.png in Resources */ = {isa = PBXBuildFile; fileRef = 039E014818EB068800FC59C4 /* play.png */; };
		039E016718EB068800FC59C4 /* play@2x.png in Resources */ = {isa = PBXBuildFile; fileRef = 039E014918EB068800FC59C4 /* play@2x.png */; };
		039E016818EB068800FC59C4 /* repeat_all.png in Resources */ = {isa = PBXBuildFile; fileRef = 039E014A18EB068800FC59C4 /* repeat_all.png */; };
		039E016918EB068800FC59C4 /* repeat_all@2x.png in Resources */ = {isa = PBXBuildFile; fileRef = 039E014B18EB068800FC59C4 /* repeat_all@2x.png */; };
		039E016A18EB068800FC59C4 /* repeat_off.png in Resources */ = {isa = PBXBuildFile; fileRef = 039E014C18EB068800FC59C4 /* repeat_off.png */; };
		039E016B18EB068800FC59C4 /* repeat_off@2x.png in Resources */ = {isa = PBXBuildFile; fileRef = 039E014D18EB068800FC59C4 /* repeat_off@2x.png */; };
		039E016C18EB068800FC59C4 /* repeat_one.png in Resources */ = {isa = PBXBuildFile; fileRef = 039E014E18EB068800FC59C4 /* repeat_one.png */; };
		039E016D18EB068800FC59C4 /* repeat_one@2x.png in Resources */ = {isa = PBXBuildFile; fileRef = 039E014F18EB068800FC59C4 /* repeat_one@2x.png */; };
		039E016E18EB068800FC59C4 /* shuffle_off.png in Resources */ = {isa = PBXBuildFile; fileRef = 039E015018EB068800FC59C4 /* shuffle_off.png */; };
		039E016F18EB068800FC59C4 /* shuffle_off@2x.png in Resources */ = {isa = PBXBuildFile; fileRef = 039E015118EB068800FC59C4 /* shuffle_off@2x.png */; };
		039E017018EB068800FC59C4 /* shuffle_on.png in Resources */ = {isa = PBXBuildFile; fileRef = 039E015218EB068800FC59C4 /* shuffle_on.png */; };
		039E017118EB068800FC59C4 /* shuffle_on@2x.png in Resources */ = {isa = PBXBuildFile; fileRef = 039E015318EB068800FC59C4 /* shuffle_on@2x.png */; };
		039E017218EB068800FC59C4 /* sound_minus.png in Resources */ = {isa = PBXBuildFile; fileRef = 039E015418EB068800FC59C4 /* sound_minus.png */; };
		039E017318EB068800FC59C4 /* sound_minus@2x.png in Resources */ = {isa = PBXBuildFile; fileRef = 039E015518EB068800FC59C4 /* sound_minus@2x.png */; };
		039E017418EB068800FC59C4 /* sound_plus.png in Resources */ = {isa = PBXBuildFile; fileRef = 039E015618EB068800FC59C4 /* sound_plus.png */; };
		039E017518EB068800FC59C4 /* sound_plus@2x.png in Resources */ = {isa = PBXBuildFile; fileRef = 039E015718EB068800FC59C4 /* sound_plus@2x.png */; };
		039E018018EB069A00FC59C4 /* icon_app.png in Resources */ = {isa = PBXBuildFile; fileRef = 039E017618EB069A00FC59C4 /* icon_app.png */; };
		039E018118EB069A00FC59C4 /* icon_app@2x.png in Resources */ = {isa = PBXBuildFile; fileRef = 039E017718EB069A00FC59C4 /* icon_app@2x.png */; };
		039E018218EB069A00FC59C4 /* icon_service.png in Resources */ = {isa = PBXBuildFile; fileRef = 039E017818EB069A00FC59C4 /* icon_service.png */; };
		039E018318EB069A00FC59C4 /* icon_service@2x.png in Resources */ = {isa = PBXBuildFile; fileRef = 039E017918EB069A00FC59C4 /* icon_service@2x.png */; };
		039E018418EB069A00FC59C4 /* icon_spotlight.png in Resources */ = {isa = PBXBuildFile; fileRef = 039E017A18EB069A00FC59C4 /* icon_spotlight.png */; };
		039E018518EB069A00FC59C4 /* icon_spotlight@2x.png in Resources */ = {isa = PBXBuildFile; fileRef = 039E017B18EB069A00FC59C4 /* icon_spotlight@2x.png */; };
		039E018618EB069A00FC59C4 /* launch_4.png in Resources */ = {isa = PBXBuildFile; fileRef = 039E017C18EB069A00FC59C4 /* launch_4.png */; };
		039E018718EB069A00FC59C4 /* launch_4@2x.png in Resources */ = {isa = PBXBuildFile; fileRef = 039E017D18EB069A00FC59C4 /* launch_4@2x.png */; };
		039E018818EB069A00FC59C4 /* launch.png in Resources */ = {isa = PBXBuildFile; fileRef = 039E017E18EB069A00FC59C4 /* launch.png */; };
		039E018918EB069A00FC59C4 /* launch@2x.png in Resources */ = {isa = PBXBuildFile; fileRef = 039E017F18EB069A00FC59C4 /* launch@2x.png */; };
		039E020D18EB06B800FC59C4 /* GVMusicPlayerController.m in Sources */ = {isa = PBXBuildFile; fileRef = 039E020C18EB06B800FC59C4 /* GVMusicPlayerController.m */; };
		039E020F18EB06E500FC59C4 /* SystemConfiguration.framework in Frameworks */ = {isa = PBXBuildFile; fileRef = 039E020E18EB06E500FC59C4 /* SystemConfiguration.framework */; };
		039E021118EB06EF00FC59C4 /* CoreBluetooth.framework in Frameworks */ = {isa = PBXBuildFile; fileRef = 039E021018EB06EF00FC59C4 /* CoreBluetooth.framework */; };
		039E021318EB06FA00FC59C4 /* CoreMedia.framework in Frameworks */ = {isa = PBXBuildFile; fileRef = 039E021218EB06FA00FC59C4 /* CoreMedia.framework */; };
		039E021618EB070600FC59C4 /* AudioToolbox.framework in Frameworks */ = {isa = PBXBuildFile; fileRef = 039E021418EB070600FC59C4 /* AudioToolbox.framework */; };
		039E021718EB070600FC59C4 /* AVFoundation.framework in Frameworks */ = {isa = PBXBuildFile; fileRef = 039E021518EB070600FC59C4 /* AVFoundation.framework */; };
		039E021918EB071400FC59C4 /* MediaPlayer.framework in Frameworks */ = {isa = PBXBuildFile; fileRef = 039E021818EB071400FC59C4 /* MediaPlayer.framework */; };
		039E021E18EB07F800FC59C4 /* NSString+TimeToString.m in Sources */ = {isa = PBXBuildFile; fileRef = 039E021B18EB07F800FC59C4 /* NSString+TimeToString.m */; };
		039E021F18EB07F800FC59C4 /* MyoViewController.m in Sources */ = {isa = PBXBuildFile; fileRef = 039E021D18EB07F800FC59C4 /* MyoViewController.m */; };
		039E022218EB080600FC59C4 /* ViewController.m in Sources */ = {isa = PBXBuildFile; fileRef = 039E022118EB080600FC59C4 /* ViewController.m */; };
		03EDF9EC193738E0006E81E3 /* MyoKit.framework in Frameworks */ = {isa = PBXBuildFile; fileRef = 03EDF9AC193738E0006E81E3 /* MyoKit.framework */; };
		03EDF9ED193738E0006E81E3 /* FingerSpread1.png in Resources */ = {isa = PBXBuildFile; fileRef = 03EDF9AE193738E0006E81E3 /* FingerSpread1.png */; };
		03EDF9EE193738E0006E81E3 /* FingerSpread1@2x.png in Resources */ = {isa = PBXBuildFile; fileRef = 03EDF9AF193738E0006E81E3 /* FingerSpread1@2x.png */; };
		03EDF9EF193738E0006E81E3 /* FingerSpread2.png in Resources */ = {isa = PBXBuildFile; fileRef = 03EDF9B0193738E0006E81E3 /* FingerSpread2.png */; };
		03EDF9F0193738E0006E81E3 /* FingerSpread2@2x.png in Resources */ = {isa = PBXBuildFile; fileRef = 03EDF9B1193738E0006E81E3 /* FingerSpread2@2x.png */; };
		03EDF9F1193738E0006E81E3 /* FingerSpread3.png in Resources */ = {isa = PBXBuildFile; fileRef = 03EDF9B2193738E0006E81E3 /* FingerSpread3.png */; };
		03EDF9F2193738E0006E81E3 /* FingerSpread3@2x.png in Resources */ = {isa = PBXBuildFile; fileRef = 03EDF9B3193738E0006E81E3 /* FingerSpread3@2x.png */; };
		03EDF9F3193738E0006E81E3 /* FingerSpreadActive.png in Resources */ = {isa = PBXBuildFile; fileRef = 03EDF9B4193738E0006E81E3 /* FingerSpreadActive.png */; };
		03EDF9F4193738E0006E81E3 /* FingerSpreadActive@2x.png in Resources */ = {isa = PBXBuildFile; fileRef = 03EDF9B5193738E0006E81E3 /* FingerSpreadActive@2x.png */; };
		03EDF9F5193738E0006E81E3 /* FingerSpreadInactive.png in Resources */ = {isa = PBXBuildFile; fileRef = 03EDF9B6193738E0006E81E3 /* FingerSpreadInactive.png */; };
		03EDF9F6193738E0006E81E3 /* FingerSpreadInactive@2x.png in Resources */ = {isa = PBXBuildFile; fileRef = 03EDF9B7193738E0006E81E3 /* FingerSpreadInactive@2x.png */; };
		03EDF9F7193738E0006E81E3 /* Fist1.png in Resources */ = {isa = PBXBuildFile; fileRef = 03EDF9B8193738E0006E81E3 /* Fist1.png */; };
		03EDF9F8193738E0006E81E3 /* Fist1@2x.png in Resources */ = {isa = PBXBuildFile; fileRef = 03EDF9B9193738E0006E81E3 /* Fist1@2x.png */; };
		03EDF9F9193738E0006E81E3 /* Fist2.png in Resources */ = {isa = PBXBuildFile; fileRef = 03EDF9BA193738E0006E81E3 /* Fist2.png */; };
		03EDF9FA193738E0006E81E3 /* Fist2@2x.png in Resources */ = {isa = PBXBuildFile; fileRef = 03EDF9BB193738E0006E81E3 /* Fist2@2x.png */; };
		03EDF9FB193738E0006E81E3 /* Fist3.png in Resources */ = {isa = PBXBuildFile; fileRef = 03EDF9BC193738E0006E81E3 /* Fist3.png */; };
		03EDF9FC193738E0006E81E3 /* Fist3@2x.png in Resources */ = {isa = PBXBuildFile; fileRef = 03EDF9BD193738E0006E81E3 /* Fist3@2x.png */; };
		03EDF9FD193738E0006E81E3 /* Fist4.png in Resources */ = {isa = PBXBuildFile; fileRef = 03EDF9BE193738E0006E81E3 /* Fist4.png */; };
		03EDF9FE193738E0006E81E3 /* Fist4@2x.png in Resources */ = {isa = PBXBuildFile; fileRef = 03EDF9BF193738E0006E81E3 /* Fist4@2x.png */; };
		03EDF9FF193738E0006E81E3 /* FistActive.png in Resources */ = {isa = PBXBuildFile; fileRef = 03EDF9C0193738E0006E81E3 /* FistActive.png */; };
		03EDFA00193738E0006E81E3 /* FistActive@2x.png in Resources */ = {isa = PBXBuildFile; fileRef = 03EDF9C1193738E0006E81E3 /* FistActive@2x.png */; };
		03EDFA01193738E0006E81E3 /* FistInactive.png in Resources */ = {isa = PBXBuildFile; fileRef = 03EDF9C2193738E0006E81E3 /* FistInactive.png */; };
		03EDFA02193738E0006E81E3 /* FistInactive@2x.png in Resources */ = {isa = PBXBuildFile; fileRef = 03EDF9C3193738E0006E81E3 /* FistInactive@2x.png */; };
		03EDFA03193738E0006E81E3 /* Rest.png in Resources */ = {isa = PBXBuildFile; fileRef = 03EDF9C4193738E0006E81E3 /* Rest.png */; };
		03EDFA04193738E0006E81E3 /* Rest@2x.png in Resources */ = {isa = PBXBuildFile; fileRef = 03EDF9C5193738E0006E81E3 /* Rest@2x.png */; };
		03EDFA05193738E0006E81E3 /* TwistIn1.png in Resources */ = {isa = PBXBuildFile; fileRef = 03EDF9C6193738E0006E81E3 /* TwistIn1.png */; };
		03EDFA06193738E0006E81E3 /* TwistIn1@2x.png in Resources */ = {isa = PBXBuildFile; fileRef = 03EDF9C7193738E0006E81E3 /* TwistIn1@2x.png */; };
		03EDFA07193738E0006E81E3 /* TwistIn2.png in Resources */ = {isa = PBXBuildFile; fileRef = 03EDF9C8193738E0006E81E3 /* TwistIn2.png */; };
		03EDFA08193738E0006E81E3 /* TwistIn2@2x.png in Resources */ = {isa = PBXBuildFile; fileRef = 03EDF9C9193738E0006E81E3 /* TwistIn2@2x.png */; };
		03EDFA09193738E0006E81E3 /* TwistIn3.png in Resources */ = {isa = PBXBuildFile; fileRef = 03EDF9CA193738E0006E81E3 /* TwistIn3.png */; };
		03EDFA0A193738E0006E81E3 /* TwistIn3@2x.png in Resources */ = {isa = PBXBuildFile; fileRef = 03EDF9CB193738E0006E81E3 /* TwistIn3@2x.png */; };
		03EDFA0B193738E0006E81E3 /* TwistIn4.png in Resources */ = {isa = PBXBuildFile; fileRef = 03EDF9CC193738E0006E81E3 /* TwistIn4.png */; };
		03EDFA0C193738E0006E81E3 /* TwistIn4@2x.png in Resources */ = {isa = PBXBuildFile; fileRef = 03EDF9CD193738E0006E81E3 /* TwistIn4@2x.png */; };
		03EDFA0D193738E0006E81E3 /* TwistInActive.png in Resources */ = {isa = PBXBuildFile; fileRef = 03EDF9CE193738E0006E81E3 /* TwistInActive.png */; };
		03EDFA0E193738E0006E81E3 /* TwistInActive@2x.png in Resources */ = {isa = PBXBuildFile; fileRef = 03EDF9CF193738E0006E81E3 /* TwistInActive@2x.png */; };
		03EDFA0F193738E0006E81E3 /* TwistInInactive.png in Resources */ = {isa = PBXBuildFile; fileRef = 03EDF9D0193738E0006E81E3 /* TwistInInactive.png */; };
		03EDFA10193738E0006E81E3 /* TwistInInactive@2x.png in Resources */ = {isa = PBXBuildFile; fileRef = 03EDF9D1193738E0006E81E3 /* TwistInInactive@2x.png */; };
		03EDFA11193738E0006E81E3 /* WaveIn1.png in Resources */ = {isa = PBXBuildFile; fileRef = 03EDF9D2193738E0006E81E3 /* WaveIn1.png */; };
		03EDFA12193738E0006E81E3 /* WaveIn1@2x.png in Resources */ = {isa = PBXBuildFile; fileRef = 03EDF9D3193738E0006E81E3 /* WaveIn1@2x.png */; };
		03EDFA13193738E0006E81E3 /* WaveIn2.png in Resources */ = {isa = PBXBuildFile; fileRef = 03EDF9D4193738E0006E81E3 /* WaveIn2.png */; };
		03EDFA14193738E0006E81E3 /* WaveIn2@2x.png in Resources */ = {isa = PBXBuildFile; fileRef = 03EDF9D5193738E0006E81E3 /* WaveIn2@2x.png */; };
		03EDFA15193738E0006E81E3 /* WaveIn3.png in Resources */ = {isa = PBXBuildFile; fileRef = 03EDF9D6193738E0006E81E3 /* WaveIn3.png */; };
		03EDFA16193738E0006E81E3 /* WaveIn3@2x.png in Resources */ = {isa = PBXBuildFile; fileRef = 03EDF9D7193738E0006E81E3 /* WaveIn3@2x.png */; };
		03EDFA17193738E0006E81E3 /* WaveIn4.png in Resources */ = {isa = PBXBuildFile; fileRef = 03EDF9D8193738E0006E81E3 /* WaveIn4.png */; };
		03EDFA18193738E0006E81E3 /* WaveIn4@2x.png in Resources */ = {isa = PBXBuildFile; fileRef = 03EDF9D9193738E0006E81E3 /* WaveIn4@2x.png */; };
		03EDFA19193738E0006E81E3 /* WaveIn5.png in Resources */ = {isa = PBXBuildFile; fileRef = 03EDF9DA193738E0006E81E3 /* WaveIn5.png */; };
		03EDFA1A193738E0006E81E3 /* WaveIn5@2x.png in Resources */ = {isa = PBXBuildFile; fileRef = 03EDF9DB193738E0006E81E3 /* WaveIn5@2x.png */; };
		03EDFA1B193738E0006E81E3 /* WaveInActive.png in Resources */ = {isa = PBXBuildFile; fileRef = 03EDF9DC193738E0006E81E3 /* WaveInActive.png */; };
		03EDFA1C193738E0006E81E3 /* WaveInActive@2x.png in Resources */ = {isa = PBXBuildFile; fileRef = 03EDF9DD193738E0006E81E3 /* WaveInActive@2x.png */; };
		03EDFA1D193738E0006E81E3 /* WaveInInactive.png in Resources */ = {isa = PBXBuildFile; fileRef = 03EDF9DE193738E0006E81E3 /* WaveInInactive.png */; };
		03EDFA1E193738E0006E81E3 /* WaveInInactive@2x.png in Resources */ = {isa = PBXBuildFile; fileRef = 03EDF9DF193738E0006E81E3 /* WaveInInactive@2x.png */; };
		03EDFA1F193738E0006E81E3 /* WaveOut1.png in Resources */ = {isa = PBXBuildFile; fileRef = 03EDF9E0193738E0006E81E3 /* WaveOut1.png */; };
		03EDFA20193738E0006E81E3 /* WaveOut1@2x.png in Resources */ = {isa = PBXBuildFile; fileRef = 03EDF9E1193738E0006E81E3 /* WaveOut1@2x.png */; };
		03EDFA21193738E0006E81E3 /* WaveOut2.png in Resources */ = {isa = PBXBuildFile; fileRef = 03EDF9E2193738E0006E81E3 /* WaveOut2.png */; };
		03EDFA22193738E0006E81E3 /* WaveOut2@2x.png in Resources */ = {isa = PBXBuildFile; fileRef = 03EDF9E3193738E0006E81E3 /* WaveOut2@2x.png */; };
		03EDFA23193738E0006E81E3 /* WaveOut3.png in Resources */ = {isa = PBXBuildFile; fileRef = 03EDF9E4193738E0006E81E3 /* WaveOut3.png */; };
		03EDFA24193738E0006E81E3 /* WaveOut3@2x.png in Resources */ = {isa = PBXBuildFile; fileRef = 03EDF9E5193738E0006E81E3 /* WaveOut3@2x.png */; };
		03EDFA25193738E0006E81E3 /* WaveOut4.png in Resources */ = {isa = PBXBuildFile; fileRef = 03EDF9E6193738E0006E81E3 /* WaveOut4.png */; };
		03EDFA26193738E0006E81E3 /* WaveOut4@2x.png in Resources */ = {isa = PBXBuildFile; fileRef = 03EDF9E7193738E0006E81E3 /* WaveOut4@2x.png */; };
		03EDFA27193738E0006E81E3 /* WaveOutActive.png in Resources */ = {isa = PBXBuildFile; fileRef = 03EDF9E8193738E0006E81E3 /* WaveOutActive.png */; };
		03EDFA28193738E0006E81E3 /* WaveOutActive@2x.png in Resources */ = {isa = PBXBuildFile; fileRef = 03EDF9E9193738E0006E81E3 /* WaveOutActive@2x.png */; };
		03EDFA29193738E0006E81E3 /* WaveOutInactive.png in Resources */ = {isa = PBXBuildFile; fileRef = 03EDF9EA193738E0006E81E3 /* WaveOutInactive.png */; };
		03EDFA2A193738E0006E81E3 /* WaveOutInactive@2x.png in Resources */ = {isa = PBXBuildFile; fileRef = 03EDF9EB193738E0006E81E3 /* WaveOutInactive@2x.png */; };
		03EDFA2C19373938006E81E3 /* Default-568h@2x.png in Resources */ = {isa = PBXBuildFile; fileRef = 03EDFA2B19373938006E81E3 /* Default-568h@2x.png */; };
/* End PBXBuildFile section */

/* Begin PBXContainerItemProxy section */
		039E012718EB063A00FC59C4 /* PBXContainerItemProxy */ = {
			isa = PBXContainerItemProxy;
			containerPortal = 039E00F918EB063A00FC59C4 /* Project object */;
			proxyType = 1;
			remoteGlobalIDString = 039E010018EB063A00FC59C4;
			remoteInfo = myosic;
		};
/* End PBXContainerItemProxy section */

/* Begin PBXFileReference section */
		039E010118EB063A00FC59C4 /* myosic.app */ = {isa = PBXFileReference; explicitFileType = wrapper.application; includeInIndex = 0; path = myosic.app; sourceTree = BUILT_PRODUCTS_DIR; };
		039E010418EB063A00FC59C4 /* Foundation.framework */ = {isa = PBXFileReference; lastKnownFileType = wrapper.framework; name = Foundation.framework; path = System/Library/Frameworks/Foundation.framework; sourceTree = SDKROOT; };
		039E010618EB063A00FC59C4 /* CoreGraphics.framework */ = {isa = PBXFileReference; lastKnownFileType = wrapper.framework; name = CoreGraphics.framework; path = System/Library/Frameworks/CoreGraphics.framework; sourceTree = SDKROOT; };
		039E010818EB063A00FC59C4 /* UIKit.framework */ = {isa = PBXFileReference; lastKnownFileType = wrapper.framework; name = UIKit.framework; path = System/Library/Frameworks/UIKit.framework; sourceTree = SDKROOT; };
		039E010C18EB063A00FC59C4 /* myosic-Info.plist */ = {isa = PBXFileReference; lastKnownFileType = text.plist.xml; path = "myosic-Info.plist"; sourceTree = "<group>"; };
		039E010E18EB063A00FC59C4 /* en */ = {isa = PBXFileReference; lastKnownFileType = text.plist.strings; name = en; path = en.lproj/InfoPlist.strings; sourceTree = "<group>"; };
		039E011018EB063A00FC59C4 /* main.m */ = {isa = PBXFileReference; lastKnownFileType = sourcecode.c.objc; path = main.m; sourceTree = "<group>"; };
		039E011218EB063A00FC59C4 /* myosic-Prefix.pch */ = {isa = PBXFileReference; lastKnownFileType = sourcecode.c.h; path = "myosic-Prefix.pch"; sourceTree = "<group>"; };
		039E011318EB063A00FC59C4 /* MDAppDelegate.h */ = {isa = PBXFileReference; lastKnownFileType = sourcecode.c.h; path = MDAppDelegate.h; sourceTree = "<group>"; };
		039E011418EB063A00FC59C4 /* MDAppDelegate.m */ = {isa = PBXFileReference; lastKnownFileType = sourcecode.c.objc; path = MDAppDelegate.m; sourceTree = "<group>"; };
		039E011718EB063A00FC59C4 /* Base */ = {isa = PBXFileReference; lastKnownFileType = file.storyboard; name = Base; path = Base.lproj/Main.storyboard; sourceTree = "<group>"; };
		039E012218EB063A00FC59C4 /* myosicTests.xctest */ = {isa = PBXFileReference; explicitFileType = wrapper.cfbundle; includeInIndex = 0; path = myosicTests.xctest; sourceTree = BUILT_PRODUCTS_DIR; };
		039E012318EB063A00FC59C4 /* XCTest.framework */ = {isa = PBXFileReference; lastKnownFileType = wrapper.framework; name = XCTest.framework; path = Library/Frameworks/XCTest.framework; sourceTree = DEVELOPER_DIR; };
		039E012B18EB063A00FC59C4 /* myosicTests-Info.plist */ = {isa = PBXFileReference; lastKnownFileType = text.plist.xml; path = "myosicTests-Info.plist"; sourceTree = "<group>"; };
		039E012D18EB063A00FC59C4 /* en */ = {isa = PBXFileReference; lastKnownFileType = text.plist.strings; name = en; path = en.lproj/InfoPlist.strings; sourceTree = "<group>"; };
		039E012F18EB063A00FC59C4 /* myosicTests.m */ = {isa = PBXFileReference; lastKnownFileType = sourcecode.c.objc; path = myosicTests.m; sourceTree = "<group>"; };
		039E013A18EB068800FC59C4 /* backward_pressed.png */ = {isa = PBXFileReference; lastKnownFileType = image.png; path = backward_pressed.png; sourceTree = "<group>"; };
		039E013B18EB068800FC59C4 /* backward_pressed@2x.png */ = {isa = PBXFileReference; lastKnownFileType = image.png; path = "backward_pressed@2x.png"; sourceTree = "<group>"; };
		039E013C18EB068800FC59C4 /* backward.png */ = {isa = PBXFileReference; lastKnownFileType = image.png; path = backward.png; sourceTree = "<group>"; };
		039E013D18EB068800FC59C4 /* backward@2x.png */ = {isa = PBXFileReference; lastKnownFileType = image.png; path = "backward@2x.png"; sourceTree = "<group>"; };
		039E013E18EB068800FC59C4 /* forward_pressed.png */ = {isa = PBXFileReference; lastKnownFileType = image.png; path = forward_pressed.png; sourceTree = "<group>"; };
		039E013F18EB068800FC59C4 /* forward_pressed@2x.png */ = {isa = PBXFileReference; lastKnownFileType = image.png; path = "forward_pressed@2x.png"; sourceTree = "<group>"; };
		039E014018EB068800FC59C4 /* forward.png */ = {isa = PBXFileReference; lastKnownFileType = image.png; path = forward.png; sourceTree = "<group>"; };
		039E014118EB068800FC59C4 /* forward@2x.png */ = {isa = PBXFileReference; lastKnownFileType = image.png; path = "forward@2x.png"; sourceTree = "<group>"; };
		039E014218EB068800FC59C4 /* myo_logo_selected.png */ = {isa = PBXFileReference; lastKnownFileType = image.png; path = myo_logo_selected.png; sourceTree = "<group>"; };
		039E014318EB068800FC59C4 /* myo_logo_selected@2x.png */ = {isa = PBXFileReference; lastKnownFileType = image.png; path = "myo_logo_selected@2x.png"; sourceTree = "<group>"; };
		039E014418EB068800FC59C4 /* myo_logo.png */ = {isa = PBXFileReference; lastKnownFileType = image.png; path = myo_logo.png; sourceTree = "<group>"; };
		039E014518EB068800FC59C4 /* myo_logo@2x.png */ = {isa = PBXFileReference; lastKnownFileType = image.png; path = "myo_logo@2x.png"; sourceTree = "<group>"; };
		039E014618EB068800FC59C4 /* pause.png */ = {isa = PBXFileReference; lastKnownFileType = image.png; path = pause.png; sourceTree = "<group>"; };
		039E014718EB068800FC59C4 /* pause@2x.png */ = {isa = PBXFileReference; lastKnownFileType = image.png; path = "pause@2x.png"; sourceTree = "<group>"; };
		039E014818EB068800FC59C4 /* play.png */ = {isa = PBXFileReference; lastKnownFileType = image.png; path = play.png; sourceTree = "<group>"; };
		039E014918EB068800FC59C4 /* play@2x.png */ = {isa = PBXFileReference; lastKnownFileType = image.png; path = "play@2x.png"; sourceTree = "<group>"; };
		039E014A18EB068800FC59C4 /* repeat_all.png */ = {isa = PBXFileReference; lastKnownFileType = image.png; path = repeat_all.png; sourceTree = "<group>"; };
		039E014B18EB068800FC59C4 /* repeat_all@2x.png */ = {isa = PBXFileReference; lastKnownFileType = image.png; path = "repeat_all@2x.png"; sourceTree = "<group>"; };
		039E014C18EB068800FC59C4 /* repeat_off.png */ = {isa = PBXFileReference; lastKnownFileType = image.png; path = repeat_off.png; sourceTree = "<group>"; };
		039E014D18EB068800FC59C4 /* repeat_off@2x.png */ = {isa = PBXFileReference; lastKnownFileType = image.png; path = "repeat_off@2x.png"; sourceTree = "<group>"; };
		039E014E18EB068800FC59C4 /* repeat_one.png */ = {isa = PBXFileReference; lastKnownFileType = image.png; path = repeat_one.png; sourceTree = "<group>"; };
		039E014F18EB068800FC59C4 /* repeat_one@2x.png */ = {isa = PBXFileReference; lastKnownFileType = image.png; path = "repeat_one@2x.png"; sourceTree = "<group>"; };
		039E015018EB068800FC59C4 /* shuffle_off.png */ = {isa = PBXFileReference; lastKnownFileType = image.png; path = shuffle_off.png; sourceTree = "<group>"; };
		039E015118EB068800FC59C4 /* shuffle_off@2x.png */ = {isa = PBXFileReference; lastKnownFileType = image.png; path = "shuffle_off@2x.png"; sourceTree = "<group>"; };
		039E015218EB068800FC59C4 /* shuffle_on.png */ = {isa = PBXFileReference; lastKnownFileType = image.png; path = shuffle_on.png; sourceTree = "<group>"; };
		039E015318EB068800FC59C4 /* shuffle_on@2x.png */ = {isa = PBXFileReference; lastKnownFileType = image.png; path = "shuffle_on@2x.png"; sourceTree = "<group>"; };
		039E015418EB068800FC59C4 /* sound_minus.png */ = {isa = PBXFileReference; lastKnownFileType = image.png; path = sound_minus.png; sourceTree = "<group>"; };
		039E015518EB068800FC59C4 /* sound_minus@2x.png */ = {isa = PBXFileReference; lastKnownFileType = image.png; path = "sound_minus@2x.png"; sourceTree = "<group>"; };
		039E015618EB068800FC59C4 /* sound_plus.png */ = {isa = PBXFileReference; lastKnownFileType = image.png; path = sound_plus.png; sourceTree = "<group>"; };
		039E015718EB068800FC59C4 /* sound_plus@2x.png */ = {isa = PBXFileReference; lastKnownFileType = image.png; path = "sound_plus@2x.png"; sourceTree = "<group>"; };
		039E017618EB069A00FC59C4 /* icon_app.png */ = {isa = PBXFileReference; lastKnownFileType = image.png; path = icon_app.png; sourceTree = "<group>"; };
		039E017718EB069A00FC59C4 /* icon_app@2x.png */ = {isa = PBXFileReference; lastKnownFileType = image.png; path = "icon_app@2x.png"; sourceTree = "<group>"; };
		039E017818EB069A00FC59C4 /* icon_service.png */ = {isa = PBXFileReference; lastKnownFileType = image.png; path = icon_service.png; sourceTree = "<group>"; };
		039E017918EB069A00FC59C4 /* icon_service@2x.png */ = {isa = PBXFileReference; lastKnownFileType = image.png; path = "icon_service@2x.png"; sourceTree = "<group>"; };
		039E017A18EB069A00FC59C4 /* icon_spotlight.png */ = {isa = PBXFileReference; lastKnownFileType = image.png; path = icon_spotlight.png; sourceTree = "<group>"; };
		039E017B18EB069A00FC59C4 /* icon_spotlight@2x.png */ = {isa = PBXFileReference; lastKnownFileType = image.png; path = "icon_spotlight@2x.png"; sourceTree = "<group>"; };
		039E017C18EB069A00FC59C4 /* launch_4.png */ = {isa = PBXFileReference; lastKnownFileType = image.png; path = launch_4.png; sourceTree = "<group>"; };
		039E017D18EB069A00FC59C4 /* launch_4@2x.png */ = {isa = PBXFileReference; lastKnownFileType = image.png; path = "launch_4@2x.png"; sourceTree = "<group>"; };
		039E017E18EB069A00FC59C4 /* launch.png */ = {isa = PBXFileReference; lastKnownFileType = image.png; path = launch.png; sourceTree = "<group>"; };
		039E017F18EB069A00FC59C4 /* launch@2x.png */ = {isa = PBXFileReference; lastKnownFileType = image.png; path = "launch@2x.png"; sourceTree = "<group>"; };
		039E020B18EB06B800FC59C4 /* GVMusicPlayerController.h */ = {isa = PBXFileReference; fileEncoding = 4; lastKnownFileType = sourcecode.c.h; path = GVMusicPlayerController.h; sourceTree = "<group>"; };
		039E020C18EB06B800FC59C4 /* GVMusicPlayerController.m */ = {isa = PBXFileReference; fileEncoding = 4; lastKnownFileType = sourcecode.c.objc; path = GVMusicPlayerController.m; sourceTree = "<group>"; };
		039E020E18EB06E500FC59C4 /* SystemConfiguration.framework */ = {isa = PBXFileReference; lastKnownFileType = wrapper.framework; name = SystemConfiguration.framework; path = System/Library/Frameworks/SystemConfiguration.framework; sourceTree = SDKROOT; };
		039E021018EB06EF00FC59C4 /* CoreBluetooth.framework */ = {isa = PBXFileReference; lastKnownFileType = wrapper.framework; name = CoreBluetooth.framework; path = System/Library/Frameworks/CoreBluetooth.framework; sourceTree = SDKROOT; };
		039E021218EB06FA00FC59C4 /* CoreMedia.framework */ = {isa = PBXFileReference; lastKnownFileType = wrapper.framework; name = CoreMedia.framework; path = System/Library/Frameworks/CoreMedia.framework; sourceTree = SDKROOT; };
		039E021418EB070600FC59C4 /* AudioToolbox.framework */ = {isa = PBXFileReference; lastKnownFileType = wrapper.framework; name = AudioToolbox.framework; path = System/Library/Frameworks/AudioToolbox.framework; sourceTree = SDKROOT; };
		039E021518EB070600FC59C4 /* AVFoundation.framework */ = {isa = PBXFileReference; lastKnownFileType = wrapper.framework; name = AVFoundation.framework; path = System/Library/Frameworks/AVFoundation.framework; sourceTree = SDKROOT; };
		039E021818EB071400FC59C4 /* MediaPlayer.framework */ = {isa = PBXFileReference; lastKnownFileType = wrapper.framework; name = MediaPlayer.framework; path = System/Library/Frameworks/MediaPlayer.framework; sourceTree = SDKROOT; };
		039E021A18EB07F800FC59C4 /* NSString+TimeToString.h */ = {isa = PBXFileReference; fileEncoding = 4; lastKnownFileType = sourcecode.c.h; path = "NSString+TimeToString.h"; sourceTree = "<group>"; };
		039E021B18EB07F800FC59C4 /* NSString+TimeToString.m */ = {isa = PBXFileReference; fileEncoding = 4; lastKnownFileType = sourcecode.c.objc; path = "NSString+TimeToString.m"; sourceTree = "<group>"; };
		039E021C18EB07F800FC59C4 /* MyoViewController.h */ = {isa = PBXFileReference; fileEncoding = 4; lastKnownFileType = sourcecode.c.h; path = MyoViewController.h; sourceTree = "<group>"; };
		039E021D18EB07F800FC59C4 /* MyoViewController.m */ = {isa = PBXFileReference; fileEncoding = 4; lastKnownFileType = sourcecode.c.objc; path = MyoViewController.m; sourceTree = "<group>"; };
		039E022018EB080600FC59C4 /* ViewController.h */ = {isa = PBXFileReference; fileEncoding = 4; lastKnownFileType = sourcecode.c.h; path = ViewController.h; sourceTree = "<group>"; };
		039E022118EB080600FC59C4 /* ViewController.m */ = {isa = PBXFileReference; fileEncoding = 4; lastKnownFileType = sourcecode.c.objc; path = ViewController.m; sourceTree = "<group>"; };
		03EDF9AC193738E0006E81E3 /* MyoKit.framework */ = {isa = PBXFileReference; lastKnownFileType = wrapper.framework; path = MyoKit.framework; sourceTree = "<group>"; };
		03EDF9AE193738E0006E81E3 /* FingerSpread1.png */ = {isa = PBXFileReference; lastKnownFileType = image.png; path = FingerSpread1.png; sourceTree = "<group>"; };
		03EDF9AF193738E0006E81E3 /* FingerSpread1@2x.png */ = {isa = PBXFileReference; lastKnownFileType = image.png; path = "FingerSpread1@2x.png"; sourceTree = "<group>"; };
		03EDF9B0193738E0006E81E3 /* FingerSpread2.png */ = {isa = PBXFileReference; lastKnownFileType = image.png; path = FingerSpread2.png; sourceTree = "<group>"; };
		03EDF9B1193738E0006E81E3 /* FingerSpread2@2x.png */ = {isa = PBXFileReference; lastKnownFileType = image.png; path = "FingerSpread2@2x.png"; sourceTree = "<group>"; };
		03EDF9B2193738E0006E81E3 /* FingerSpread3.png */ = {isa = PBXFileReference; lastKnownFileType = image.png; path = FingerSpread3.png; sourceTree = "<group>"; };
		03EDF9B3193738E0006E81E3 /* FingerSpread3@2x.png */ = {isa = PBXFileReference; lastKnownFileType = image.png; path = "FingerSpread3@2x.png"; sourceTree = "<group>"; };
		03EDF9B4193738E0006E81E3 /* FingerSpreadActive.png */ = {isa = PBXFileReference; lastKnownFileType = image.png; path = FingerSpreadActive.png; sourceTree = "<group>"; };
		03EDF9B5193738E0006E81E3 /* FingerSpreadActive@2x.png */ = {isa = PBXFileReference; lastKnownFileType = image.png; path = "FingerSpreadActive@2x.png"; sourceTree = "<group>"; };
		03EDF9B6193738E0006E81E3 /* FingerSpreadInactive.png */ = {isa = PBXFileReference; lastKnownFileType = image.png; path = FingerSpreadInactive.png; sourceTree = "<group>"; };
		03EDF9B7193738E0006E81E3 /* FingerSpreadInactive@2x.png */ = {isa = PBXFileReference; lastKnownFileType = image.png; path = "FingerSpreadInactive@2x.png"; sourceTree = "<group>"; };
		03EDF9B8193738E0006E81E3 /* Fist1.png */ = {isa = PBXFileReference; lastKnownFileType = image.png; path = Fist1.png; sourceTree = "<group>"; };
		03EDF9B9193738E0006E81E3 /* Fist1@2x.png */ = {isa = PBXFileReference; lastKnownFileType = image.png; path = "Fist1@2x.png"; sourceTree = "<group>"; };
		03EDF9BA193738E0006E81E3 /* Fist2.png */ = {isa = PBXFileReference; lastKnownFileType = image.png; path = Fist2.png; sourceTree = "<group>"; };
		03EDF9BB193738E0006E81E3 /* Fist2@2x.png */ = {isa = PBXFileReference; lastKnownFileType = image.png; path = "Fist2@2x.png"; sourceTree = "<group>"; };
		03EDF9BC193738E0006E81E3 /* Fist3.png */ = {isa = PBXFileReference; lastKnownFileType = image.png; path = Fist3.png; sourceTree = "<group>"; };
		03EDF9BD193738E0006E81E3 /* Fist3@2x.png */ = {isa = PBXFileReference; lastKnownFileType = image.png; path = "Fist3@2x.png"; sourceTree = "<group>"; };
		03EDF9BE193738E0006E81E3 /* Fist4.png */ = {isa = PBXFileReference; lastKnownFileType = image.png; path = Fist4.png; sourceTree = "<group>"; };
		03EDF9BF193738E0006E81E3 /* Fist4@2x.png */ = {isa = PBXFileReference; lastKnownFileType = image.png; path = "Fist4@2x.png"; sourceTree = "<group>"; };
		03EDF9C0193738E0006E81E3 /* FistActive.png */ = {isa = PBXFileReference; lastKnownFileType = image.png; path = FistActive.png; sourceTree = "<group>"; };
		03EDF9C1193738E0006E81E3 /* FistActive@2x.png */ = {isa = PBXFileReference; lastKnownFileType = image.png; path = "FistActive@2x.png"; sourceTree = "<group>"; };
		03EDF9C2193738E0006E81E3 /* FistInactive.png */ = {isa = PBXFileReference; lastKnownFileType = image.png; path = FistInactive.png; sourceTree = "<group>"; };
		03EDF9C3193738E0006E81E3 /* FistInactive@2x.png */ = {isa = PBXFileReference; lastKnownFileType = image.png; path = "FistInactive@2x.png"; sourceTree = "<group>"; };
		03EDF9C4193738E0006E81E3 /* Rest.png */ = {isa = PBXFileReference; lastKnownFileType = image.png; path = Rest.png; sourceTree = "<group>"; };
		03EDF9C5193738E0006E81E3 /* Rest@2x.png */ = {isa = PBXFileReference; lastKnownFileType = image.png; path = "Rest@2x.png"; sourceTree = "<group>"; };
		03EDF9C6193738E0006E81E3 /* TwistIn1.png */ = {isa = PBXFileReference; lastKnownFileType = image.png; path = TwistIn1.png; sourceTree = "<group>"; };
		03EDF9C7193738E0006E81E3 /* TwistIn1@2x.png */ = {isa = PBXFileReference; lastKnownFileType = image.png; path = "TwistIn1@2x.png"; sourceTree = "<group>"; };
		03EDF9C8193738E0006E81E3 /* TwistIn2.png */ = {isa = PBXFileReference; lastKnownFileType = image.png; path = TwistIn2.png; sourceTree = "<group>"; };
		03EDF9C9193738E0006E81E3 /* TwistIn2@2x.png */ = {isa = PBXFileReference; lastKnownFileType = image.png; path = "TwistIn2@2x.png"; sourceTree = "<group>"; };
		03EDF9CA193738E0006E81E3 /* TwistIn3.png */ = {isa = PBXFileReference; lastKnownFileType = image.png; path = TwistIn3.png; sourceTree = "<group>"; };
		03EDF9CB193738E0006E81E3 /* TwistIn3@2x.png */ = {isa = PBXFileReference; lastKnownFileType = image.png; path = "TwistIn3@2x.png"; sourceTree = "<group>"; };
		03EDF9CC193738E0006E81E3 /* TwistIn4.png */ = {isa = PBXFileReference; lastKnownFileType = image.png; path = TwistIn4.png; sourceTree = "<group>"; };
		03EDF9CD193738E0006E81E3 /* TwistIn4@2x.png */ = {isa = PBXFileReference; lastKnownFileType = image.png; path = "TwistIn4@2x.png"; sourceTree = "<group>"; };
		03EDF9CE193738E0006E81E3 /* TwistInActive.png */ = {isa = PBXFileReference; lastKnownFileType = image.png; path = TwistInActive.png; sourceTree = "<group>"; };
		03EDF9CF193738E0006E81E3 /* TwistInActive@2x.png */ = {isa = PBXFileReference; lastKnownFileType = image.png; path = "TwistInActive@2x.png"; sourceTree = "<group>"; };
		03EDF9D0193738E0006E81E3 /* TwistInInactive.png */ = {isa = PBXFileReference; lastKnownFileType = image.png; path = TwistInInactive.png; sourceTree = "<group>"; };
		03EDF9D1193738E0006E81E3 /* TwistInInactive@2x.png */ = {isa = PBXFileReference; lastKnownFileType = image.png; path = "TwistInInactive@2x.png"; sourceTree = "<group>"; };
		03EDF9D2193738E0006E81E3 /* WaveIn1.png */ = {isa = PBXFileReference; lastKnownFileType = image.png; path = WaveIn1.png; sourceTree = "<group>"; };
		03EDF9D3193738E0006E81E3 /* WaveIn1@2x.png */ = {isa = PBXFileReference; lastKnownFileType = image.png; path = "WaveIn1@2x.png"; sourceTree = "<group>"; };
		03EDF9D4193738E0006E81E3 /* WaveIn2.png */ = {isa = PBXFileReference; lastKnownFileType = image.png; path = WaveIn2.png; sourceTree = "<group>"; };
		03EDF9D5193738E0006E81E3 /* WaveIn2@2x.png */ = {isa = PBXFileReference; lastKnownFileType = image.png; path = "WaveIn2@2x.png"; sourceTree = "<group>"; };
		03EDF9D6193738E0006E81E3 /* WaveIn3.png */ = {isa = PBXFileReference; lastKnownFileType = image.png; path = WaveIn3.png; sourceTree = "<group>"; };
		03EDF9D7193738E0006E81E3 /* WaveIn3@2x.png */ = {isa = PBXFileReference; lastKnownFileType = image.png; path = "WaveIn3@2x.png"; sourceTree = "<group>"; };
		03EDF9D8193738E0006E81E3 /* WaveIn4.png */ = {isa = PBXFileReference; lastKnownFileType = image.png; path = WaveIn4.png; sourceTree = "<group>"; };
		03EDF9D9193738E0006E81E3 /* WaveIn4@2x.png */ = {isa = PBXFileReference; lastKnownFileType = image.png; path = "WaveIn4@2x.png"; sourceTree = "<group>"; };
		03EDF9DA193738E0006E81E3 /* WaveIn5.png */ = {isa = PBXFileReference; lastKnownFileType = image.png; path = WaveIn5.png; sourceTree = "<group>"; };
		03EDF9DB193738E0006E81E3 /* WaveIn5@2x.png */ = {isa = PBXFileReference; lastKnownFileType = image.png; path = "WaveIn5@2x.png"; sourceTree = "<group>"; };
		03EDF9DC193738E0006E81E3 /* WaveInActive.png */ = {isa = PBXFileReference; lastKnownFileType = image.png; path = WaveInActive.png; sourceTree = "<group>"; };
		03EDF9DD193738E0006E81E3 /* WaveInActive@2x.png */ = {isa = PBXFileReference; lastKnownFileType = image.png; path = "WaveInActive@2x.png"; sourceTree = "<group>"; };
		03EDF9DE193738E0006E81E3 /* WaveInInactive.png */ = {isa = PBXFileReference; lastKnownFileType = image.png; path = WaveInInactive.png; sourceTree = "<group>"; };
		03EDF9DF193738E0006E81E3 /* WaveInInactive@2x.png */ = {isa = PBXFileReference; lastKnownFileType = image.png; path = "WaveInInactive@2x.png"; sourceTree = "<group>"; };
		03EDF9E0193738E0006E81E3 /* WaveOut1.png */ = {isa = PBXFileReference; lastKnownFileType = image.png; path = WaveOut1.png; sourceTree = "<group>"; };
		03EDF9E1193738E0006E81E3 /* WaveOut1@2x.png */ = {isa = PBXFileReference; lastKnownFileType = image.png; path = "WaveOut1@2x.png"; sourceTree = "<group>"; };
		03EDF9E2193738E0006E81E3 /* WaveOut2.png */ = {isa = PBXFileReference; lastKnownFileType = image.png; path = WaveOut2.png; sourceTree = "<group>"; };
		03EDF9E3193738E0006E81E3 /* WaveOut2@2x.png */ = {isa = PBXFileReference; lastKnownFileType = image.png; path = "WaveOut2@2x.png"; sourceTree = "<group>"; };
		03EDF9E4193738E0006E81E3 /* WaveOut3.png */ = {isa = PBXFileReference; lastKnownFileType = image.png; path = WaveOut3.png; sourceTree = "<group>"; };
		03EDF9E5193738E0006E81E3 /* WaveOut3@2x.png */ = {isa = PBXFileReference; lastKnownFileType = image.png; path = "WaveOut3@2x.png"; sourceTree = "<group>"; };
		03EDF9E6193738E0006E81E3 /* WaveOut4.png */ = {isa = PBXFileReference; lastKnownFileType = image.png; path = WaveOut4.png; sourceTree = "<group>"; };
		03EDF9E7193738E0006E81E3 /* WaveOut4@2x.png */ = {isa = PBXFileReference; lastKnownFileType = image.png; path = "WaveOut4@2x.png"; sourceTree = "<group>"; };
		03EDF9E8193738E0006E81E3 /* WaveOutActive.png */ = {isa = PBXFileReference; lastKnownFileType = image.png; path = WaveOutActive.png; sourceTree = "<group>"; };
		03EDF9E9193738E0006E81E3 /* WaveOutActive@2x.png */ = {isa = PBXFileReference; lastKnownFileType = image.png; path = "WaveOutActive@2x.png"; sourceTree = "<group>"; };
		03EDF9EA193738E0006E81E3 /* WaveOutInactive.png */ = {isa = PBXFileReference; lastKnownFileType = image.png; path = WaveOutInactive.png; sourceTree = "<group>"; };
		03EDF9EB193738E0006E81E3 /* WaveOutInactive@2x.png */ = {isa = PBXFileReference; lastKnownFileType = image.png; path = "WaveOutInactive@2x.png"; sourceTree = "<group>"; };
		03EDFA2B19373938006E81E3 /* Default-568h@2x.png */ = {isa = PBXFileReference; lastKnownFileType = image.png; path = "Default-568h@2x.png"; sourceTree = "<group>"; };
/* End PBXFileReference section */

/* Begin PBXFrameworksBuildPhase section */
		039E00FE18EB063A00FC59C4 /* Frameworks */ = {
			isa = PBXFrameworksBuildPhase;
			buildActionMask = 2147483647;
			files = (
				039E021918EB071400FC59C4 /* MediaPlayer.framework in Frameworks */,
				03EDF9EC193738E0006E81E3 /* MyoKit.framework in Frameworks */,
				039E021618EB070600FC59C4 /* AudioToolbox.framework in Frameworks */,
				039E021718EB070600FC59C4 /* AVFoundation.framework in Frameworks */,
				039E021318EB06FA00FC59C4 /* CoreMedia.framework in Frameworks */,
				039E021118EB06EF00FC59C4 /* CoreBluetooth.framework in Frameworks */,
				039E020F18EB06E500FC59C4 /* SystemConfiguration.framework in Frameworks */,
				039E010718EB063A00FC59C4 /* CoreGraphics.framework in Frameworks */,
				039E010918EB063A00FC59C4 /* UIKit.framework in Frameworks */,
				039E010518EB063A00FC59C4 /* Foundation.framework in Frameworks */,
			);
			runOnlyForDeploymentPostprocessing = 0;
		};
		039E011F18EB063A00FC59C4 /* Frameworks */ = {
			isa = PBXFrameworksBuildPhase;
			buildActionMask = 2147483647;
			files = (
				039E012418EB063A00FC59C4 /* XCTest.framework in Frameworks */,
				039E012618EB063A00FC59C4 /* UIKit.framework in Frameworks */,
				039E012518EB063A00FC59C4 /* Foundation.framework in Frameworks */,
			);
			runOnlyForDeploymentPostprocessing = 0;
		};
/* End PBXFrameworksBuildPhase section */

/* Begin PBXGroup section */
		039E00F818EB063A00FC59C4 = {
			isa = PBXGroup;
			children = (
				03EDFA2B19373938006E81E3 /* Default-568h@2x.png */,
				039E010A18EB063A00FC59C4 /* myosic */,
				039E012918EB063A00FC59C4 /* myosicTests */,
				039E010318EB063A00FC59C4 /* Frameworks */,
				039E010218EB063A00FC59C4 /* Products */,
				039E020A18EB06B800FC59C4 /* GVMusicPlayerController */,
			);
			sourceTree = "<group>";
		};
		039E010218EB063A00FC59C4 /* Products */ = {
			isa = PBXGroup;
			children = (
				039E010118EB063A00FC59C4 /* myosic.app */,
				039E012218EB063A00FC59C4 /* myosicTests.xctest */,
			);
			name = Products;
			sourceTree = "<group>";
		};
		039E010318EB063A00FC59C4 /* Frameworks */ = {
			isa = PBXGroup;
			children = (
				03EDF9AB193738E0006E81E3 /* MyoKit.embeddedframework */,
				039E021818EB071400FC59C4 /* MediaPlayer.framework */,
				039E021418EB070600FC59C4 /* AudioToolbox.framework */,
				039E021518EB070600FC59C4 /* AVFoundation.framework */,
				039E021218EB06FA00FC59C4 /* CoreMedia.framework */,
				039E021018EB06EF00FC59C4 /* CoreBluetooth.framework */,
				039E020E18EB06E500FC59C4 /* SystemConfiguration.framework */,
				039E010418EB063A00FC59C4 /* Foundation.framework */,
				039E010618EB063A00FC59C4 /* CoreGraphics.framework */,
				039E010818EB063A00FC59C4 /* UIKit.framework */,
				039E012318EB063A00FC59C4 /* XCTest.framework */,
			);
			name = Frameworks;
			sourceTree = "<group>";
		};
		039E010A18EB063A00FC59C4 /* myosic */ = {
			isa = PBXGroup;
			children = (
				039E022018EB080600FC59C4 /* ViewController.h */,
				039E022118EB080600FC59C4 /* ViewController.m */,
				039E021A18EB07F800FC59C4 /* NSString+TimeToString.h */,
				039E021B18EB07F800FC59C4 /* NSString+TimeToString.m */,
				039E021C18EB07F800FC59C4 /* MyoViewController.h */,
				039E021D18EB07F800FC59C4 /* MyoViewController.m */,
				039E013918EB066300FC59C4 /* images */,
				039E011318EB063A00FC59C4 /* MDAppDelegate.h */,
				039E011418EB063A00FC59C4 /* MDAppDelegate.m */,
				039E011618EB063A00FC59C4 /* Main.storyboard */,
				039E010B18EB063A00FC59C4 /* Supporting Files */,
			);
			path = myosic;
			sourceTree = "<group>";
		};
		039E010B18EB063A00FC59C4 /* Supporting Files */ = {
			isa = PBXGroup;
			children = (
				039E017618EB069A00FC59C4 /* icon_app.png */,
				039E017718EB069A00FC59C4 /* icon_app@2x.png */,
				039E017818EB069A00FC59C4 /* icon_service.png */,
				039E017918EB069A00FC59C4 /* icon_service@2x.png */,
				039E017A18EB069A00FC59C4 /* icon_spotlight.png */,
				039E017B18EB069A00FC59C4 /* icon_spotlight@2x.png */,
				039E017C18EB069A00FC59C4 /* launch_4.png */,
				039E017D18EB069A00FC59C4 /* launch_4@2x.png */,
				039E017E18EB069A00FC59C4 /* launch.png */,
				039E017F18EB069A00FC59C4 /* launch@2x.png */,
				039E010C18EB063A00FC59C4 /* myosic-Info.plist */,
				039E010D18EB063A00FC59C4 /* InfoPlist.strings */,
				039E011018EB063A00FC59C4 /* main.m */,
				039E011218EB063A00FC59C4 /* myosic-Prefix.pch */,
			);
			name = "Supporting Files";
			sourceTree = "<group>";
		};
		039E012918EB063A00FC59C4 /* myosicTests */ = {
			isa = PBXGroup;
			children = (
				039E012F18EB063A00FC59C4 /* myosicTests.m */,
				039E012A18EB063A00FC59C4 /* Supporting Files */,
			);
			path = myosicTests;
			sourceTree = "<group>";
		};
		039E012A18EB063A00FC59C4 /* Supporting Files */ = {
			isa = PBXGroup;
			children = (
				039E012B18EB063A00FC59C4 /* myosicTests-Info.plist */,
				039E012C18EB063A00FC59C4 /* InfoPlist.strings */,
			);
			name = "Supporting Files";
			sourceTree = "<group>";
		};
		039E013918EB066300FC59C4 /* images */ = {
			isa = PBXGroup;
			children = (
				039E013A18EB068800FC59C4 /* backward_pressed.png */,
				039E013B18EB068800FC59C4 /* backward_pressed@2x.png */,
				039E013C18EB068800FC59C4 /* backward.png */,
				039E013D18EB068800FC59C4 /* backward@2x.png */,
				039E013E18EB068800FC59C4 /* forward_pressed.png */,
				039E013F18EB068800FC59C4 /* forward_pressed@2x.png */,
				039E014018EB068800FC59C4 /* forward.png */,
				039E014118EB068800FC59C4 /* forward@2x.png */,
				039E014218EB068800FC59C4 /* myo_logo_selected.png */,
				039E014318EB068800FC59C4 /* myo_logo_selected@2x.png */,
				039E014418EB068800FC59C4 /* myo_logo.png */,
				039E014518EB068800FC59C4 /* myo_logo@2x.png */,
				039E014618EB068800FC59C4 /* pause.png */,
				039E014718EB068800FC59C4 /* pause@2x.png */,
				039E014818EB068800FC59C4 /* play.png */,
				039E014918EB068800FC59C4 /* play@2x.png */,
				039E014A18EB068800FC59C4 /* repeat_all.png */,
				039E014B18EB068800FC59C4 /* repeat_all@2x.png */,
				039E014C18EB068800FC59C4 /* repeat_off.png */,
				039E014D18EB068800FC59C4 /* repeat_off@2x.png */,
				039E014E18EB068800FC59C4 /* repeat_one.png */,
				039E014F18EB068800FC59C4 /* repeat_one@2x.png */,
				039E015018EB068800FC59C4 /* shuffle_off.png */,
				039E015118EB068800FC59C4 /* shuffle_off@2x.png */,
				039E015218EB068800FC59C4 /* shuffle_on.png */,
				039E015318EB068800FC59C4 /* shuffle_on@2x.png */,
				039E015418EB068800FC59C4 /* sound_minus.png */,
				039E015518EB068800FC59C4 /* sound_minus@2x.png */,
				039E015618EB068800FC59C4 /* sound_plus.png */,
				039E015718EB068800FC59C4 /* sound_plus@2x.png */,
			);
			name = images;
			sourceTree = "<group>";
		};
		039E020A18EB06B800FC59C4 /* GVMusicPlayerController */ = {
			isa = PBXGroup;
			children = (
				039E020B18EB06B800FC59C4 /* GVMusicPlayerController.h */,
				039E020C18EB06B800FC59C4 /* GVMusicPlayerController.m */,
			);
			path = GVMusicPlayerController;
			sourceTree = "<group>";
		};
		03EDF9AB193738E0006E81E3 /* MyoKit.embeddedframework */ = {
			isa = PBXGroup;
			children = (
				03EDF9AC193738E0006E81E3 /* MyoKit.framework */,
				03EDF9AD193738E0006E81E3 /* Resources */,
			);
			path = MyoKit.embeddedframework;
			sourceTree = "<group>";
		};
		03EDF9AD193738E0006E81E3 /* Resources */ = {
			isa = PBXGroup;
			children = (
				03EDF9AE193738E0006E81E3 /* FingerSpread1.png */,
				03EDF9AF193738E0006E81E3 /* FingerSpread1@2x.png */,
				03EDF9B0193738E0006E81E3 /* FingerSpread2.png */,
				03EDF9B1193738E0006E81E3 /* FingerSpread2@2x.png */,
				03EDF9B2193738E0006E81E3 /* FingerSpread3.png */,
				03EDF9B3193738E0006E81E3 /* FingerSpread3@2x.png */,
				03EDF9B4193738E0006E81E3 /* FingerSpreadActive.png */,
				03EDF9B5193738E0006E81E3 /* FingerSpreadActive@2x.png */,
				03EDF9B6193738E0006E81E3 /* FingerSpreadInactive.png */,
				03EDF9B7193738E0006E81E3 /* FingerSpreadInactive@2x.png */,
				03EDF9B8193738E0006E81E3 /* Fist1.png */,
				03EDF9B9193738E0006E81E3 /* Fist1@2x.png */,
				03EDF9BA193738E0006E81E3 /* Fist2.png */,
				03EDF9BB193738E0006E81E3 /* Fist2@2x.png */,
				03EDF9BC193738E0006E81E3 /* Fist3.png */,
				03EDF9BD193738E0006E81E3 /* Fist3@2x.png */,
				03EDF9BE193738E0006E81E3 /* Fist4.png */,
				03EDF9BF193738E0006E81E3 /* Fist4@2x.png */,
				03EDF9C0193738E0006E81E3 /* FistActive.png */,
				03EDF9C1193738E0006E81E3 /* FistActive@2x.png */,
				03EDF9C2193738E0006E81E3 /* FistInactive.png */,
				03EDF9C3193738E0006E81E3 /* FistInactive@2x.png */,
				03EDF9C4193738E0006E81E3 /* Rest.png */,
				03EDF9C5193738E0006E81E3 /* Rest@2x.png */,
				03EDF9C6193738E0006E81E3 /* TwistIn1.png */,
				03EDF9C7193738E0006E81E3 /* TwistIn1@2x.png */,
				03EDF9C8193738E0006E81E3 /* TwistIn2.png */,
				03EDF9C9193738E0006E81E3 /* TwistIn2@2x.png */,
				03EDF9CA193738E0006E81E3 /* TwistIn3.png */,
				03EDF9CB193738E0006E81E3 /* TwistIn3@2x.png */,
				03EDF9CC193738E0006E81E3 /* TwistIn4.png */,
				03EDF9CD193738E0006E81E3 /* TwistIn4@2x.png */,
				03EDF9CE193738E0006E81E3 /* TwistInActive.png */,
				03EDF9CF193738E0006E81E3 /* TwistInActive@2x.png */,
				03EDF9D0193738E0006E81E3 /* TwistInInactive.png */,
				03EDF9D1193738E0006E81E3 /* TwistInInactive@2x.png */,
				03EDF9D2193738E0006E81E3 /* WaveIn1.png */,
				03EDF9D3193738E0006E81E3 /* WaveIn1@2x.png */,
				03EDF9D4193738E0006E81E3 /* WaveIn2.png */,
				03EDF9D5193738E0006E81E3 /* WaveIn2@2x.png */,
				03EDF9D6193738E0006E81E3 /* WaveIn3.png */,
				03EDF9D7193738E0006E81E3 /* WaveIn3@2x.png */,
				03EDF9D8193738E0006E81E3 /* WaveIn4.png */,
				03EDF9D9193738E0006E81E3 /* WaveIn4@2x.png */,
				03EDF9DA193738E0006E81E3 /* WaveIn5.png */,
				03EDF9DB193738E0006E81E3 /* WaveIn5@2x.png */,
				03EDF9DC193738E0006E81E3 /* WaveInActive.png */,
				03EDF9DD193738E0006E81E3 /* WaveInActive@2x.png */,
				03EDF9DE193738E0006E81E3 /* WaveInInactive.png */,
				03EDF9DF193738E0006E81E3 /* WaveInInactive@2x.png */,
				03EDF9E0193738E0006E81E3 /* WaveOut1.png */,
				03EDF9E1193738E0006E81E3 /* WaveOut1@2x.png */,
				03EDF9E2193738E0006E81E3 /* WaveOut2.png */,
				03EDF9E3193738E0006E81E3 /* WaveOut2@2x.png */,
				03EDF9E4193738E0006E81E3 /* WaveOut3.png */,
				03EDF9E5193738E0006E81E3 /* WaveOut3@2x.png */,
				03EDF9E6193738E0006E81E3 /* WaveOut4.png */,
				03EDF9E7193738E0006E81E3 /* WaveOut4@2x.png */,
				03EDF9E8193738E0006E81E3 /* WaveOutActive.png */,
				03EDF9E9193738E0006E81E3 /* WaveOutActive@2x.png */,
				03EDF9EA193738E0006E81E3 /* WaveOutInactive.png */,
				03EDF9EB193738E0006E81E3 /* WaveOutInactive@2x.png */,
			);
			path = Resources;
			sourceTree = "<group>";
		};
/* End PBXGroup section */

/* Begin PBXNativeTarget section */
		039E010018EB063A00FC59C4 /* myosic */ = {
			isa = PBXNativeTarget;
			buildConfigurationList = 039E013318EB063A00FC59C4 /* Build configuration list for PBXNativeTarget "myosic" */;
			buildPhases = (
				039E00FD18EB063A00FC59C4 /* Sources */,
				039E00FE18EB063A00FC59C4 /* Frameworks */,
				039E00FF18EB063A00FC59C4 /* Resources */,
			);
			buildRules = (
			);
			dependencies = (
			);
			name = myosic;
			productName = myosic;
			productReference = 039E010118EB063A00FC59C4 /* myosic.app */;
			productType = "com.apple.product-type.application";
		};
		039E012118EB063A00FC59C4 /* myosicTests */ = {
			isa = PBXNativeTarget;
			buildConfigurationList = 039E013618EB063A00FC59C4 /* Build configuration list for PBXNativeTarget "myosicTests" */;
			buildPhases = (
				039E011E18EB063A00FC59C4 /* Sources */,
				039E011F18EB063A00FC59C4 /* Frameworks */,
				039E012018EB063A00FC59C4 /* Resources */,
			);
			buildRules = (
			);
			dependencies = (
				039E012818EB063A00FC59C4 /* PBXTargetDependency */,
			);
			name = myosicTests;
			productName = myosicTests;
			productReference = 039E012218EB063A00FC59C4 /* myosicTests.xctest */;
			productType = "com.apple.product-type.bundle.unit-test";
		};
/* End PBXNativeTarget section */

/* Begin PBXProject section */
		039E00F918EB063A00FC59C4 /* Project object */ = {
			isa = PBXProject;
			attributes = {
				CLASSPREFIX = MD;
				LastUpgradeCheck = 0510;
				ORGANIZATIONNAME = mathieu.dutour;
				TargetAttributes = {
					039E010018EB063A00FC59C4 = {
						SystemCapabilities = {
							com.apple.BackgroundModes = {
								enabled = 1;
							};
						};
					};
					039E012118EB063A00FC59C4 = {
						TestTargetID = 039E010018EB063A00FC59C4;
					};
				};
			};
			buildConfigurationList = 039E00FC18EB063A00FC59C4 /* Build configuration list for PBXProject "myosic" */;
			compatibilityVersion = "Xcode 3.2";
			developmentRegion = English;
			hasScannedForEncodings = 0;
			knownRegions = (
				en,
				Base,
			);
			mainGroup = 039E00F818EB063A00FC59C4;
			productRefGroup = 039E010218EB063A00FC59C4 /* Products */;
			projectDirPath = "";
			projectRoot = "";
			targets = (
				039E010018EB063A00FC59C4 /* myosic */,
				039E012118EB063A00FC59C4 /* myosicTests */,
			);
		};
/* End PBXProject section */

/* Begin PBXResourcesBuildPhase section */
		039E00FF18EB063A00FC59C4 /* Resources */ = {
			isa = PBXResourcesBuildPhase;
			buildActionMask = 2147483647;
			files = (
				03EDF9FF193738E0006E81E3 /* FistActive.png in Resources */,
				039E018418EB069A00FC59C4 /* icon_spotlight.png in Resources */,
				03EDFA1A193738E0006E81E3 /* WaveIn5@2x.png in Resources */,
				03EDF9FA193738E0006E81E3 /* Fist2@2x.png in Resources */,
				03EDFA0E193738E0006E81E3 /* TwistInActive@2x.png in Resources */,
				03EDF9F0193738E0006E81E3 /* FingerSpread2@2x.png in Resources */,
				03EDFA20193738E0006E81E3 /* WaveOut1@2x.png in Resources */,
				039E017018EB068800FC59C4 /* shuffle_on.png in Resources */,
				03EDFA05193738E0006E81E3 /* TwistIn1.png in Resources */,
				03EDF9EF193738E0006E81E3 /* FingerSpread2.png in Resources */,
				03EDF9F8193738E0006E81E3 /* Fist1@2x.png in Resources */,
				039E015918EB068800FC59C4 /* backward_pressed@2x.png in Resources */,
				03EDFA24193738E0006E81E3 /* WaveOut3@2x.png in Resources */,
				03EDFA00193738E0006E81E3 /* FistActive@2x.png in Resources */,
				03EDF9FD193738E0006E81E3 /* Fist4.png in Resources */,
				039E017418EB068800FC59C4 /* sound_plus.png in Resources */,
				039E016A18EB068800FC59C4 /* repeat_off.png in Resources */,
				039E016618EB068800FC59C4 /* play.png in Resources */,
				039E016718EB068800FC59C4 /* play@2x.png in Resources */,
				03EDFA1F193738E0006E81E3 /* WaveOut1.png in Resources */,
				03EDFA09193738E0006E81E3 /* TwistIn3.png in Resources */,
				03EDFA04193738E0006E81E3 /* Rest@2x.png in Resources */,
				039E015B18EB068800FC59C4 /* backward@2x.png in Resources */,
				039E018018EB069A00FC59C4 /* icon_app.png in Resources */,
				03EDFA28193738E0006E81E3 /* WaveOutActive@2x.png in Resources */,
				039E016418EB068800FC59C4 /* pause.png in Resources */,
				03EDFA11193738E0006E81E3 /* WaveIn1.png in Resources */,
				03EDFA12193738E0006E81E3 /* WaveIn1@2x.png in Resources */,
				039E017318EB068800FC59C4 /* sound_minus@2x.png in Resources */,
				03EDFA13193738E0006E81E3 /* WaveIn2.png in Resources */,
				039E016F18EB068800FC59C4 /* shuffle_off@2x.png in Resources */,
				039E016018EB068800FC59C4 /* myo_logo_selected.png in Resources */,
				03EDFA26193738E0006E81E3 /* WaveOut4@2x.png in Resources */,
				039E016818EB068800FC59C4 /* repeat_all.png in Resources */,
				039E016218EB068800FC59C4 /* myo_logo.png in Resources */,
				03EDFA03193738E0006E81E3 /* Rest.png in Resources */,
				039E015A18EB068800FC59C4 /* backward.png in Resources */,
				03EDF9EE193738E0006E81E3 /* FingerSpread1@2x.png in Resources */,
				03EDFA06193738E0006E81E3 /* TwistIn1@2x.png in Resources */,
				03EDFA21193738E0006E81E3 /* WaveOut2.png in Resources */,
				03EDF9ED193738E0006E81E3 /* FingerSpread1.png in Resources */,
				039E018818EB069A00FC59C4 /* launch.png in Resources */,
				039E018918EB069A00FC59C4 /* launch@2x.png in Resources */,
				03EDFA27193738E0006E81E3 /* WaveOutActive.png in Resources */,
				03EDFA16193738E0006E81E3 /* WaveIn3@2x.png in Resources */,
				03EDFA0F193738E0006E81E3 /* TwistInInactive.png in Resources */,
				039E015C18EB068800FC59C4 /* forward_pressed.png in Resources */,
				039E016C18EB068800FC59C4 /* repeat_one.png in Resources */,
				03EDF9FE193738E0006E81E3 /* Fist4@2x.png in Resources */,
				039E018718EB069A00FC59C4 /* launch_4@2x.png in Resources */,
				03EDFA19193738E0006E81E3 /* WaveIn5.png in Resources */,
				03EDFA15193738E0006E81E3 /* WaveIn3.png in Resources */,
				039E017218EB068800FC59C4 /* sound_minus.png in Resources */,
				03EDF9FB193738E0006E81E3 /* Fist3.png in Resources */,
				03EDFA1B193738E0006E81E3 /* WaveInActive.png in Resources */,
				03EDF9F4193738E0006E81E3 /* FingerSpreadActive@2x.png in Resources */,
				03EDF9F9193738E0006E81E3 /* Fist2.png in Resources */,
				039E016518EB068800FC59C4 /* pause@2x.png in Resources */,
				03EDFA29193738E0006E81E3 /* WaveOutInactive.png in Resources */,
				039E010F18EB063A00FC59C4 /* InfoPlist.strings in Resources */,
				03EDF9F1193738E0006E81E3 /* FingerSpread3.png in Resources */,
				03EDF9F5193738E0006E81E3 /* FingerSpreadInactive.png in Resources */,
				039E016B18EB068800FC59C4 /* repeat_off@2x.png in Resources */,
				03EDFA1E193738E0006E81E3 /* WaveInInactive@2x.png in Resources */,
				03EDF9F7193738E0006E81E3 /* Fist1.png in Resources */,
				039E016318EB068800FC59C4 /* myo_logo@2x.png in Resources */,
				039E016D18EB068800FC59C4 /* repeat_one@2x.png in Resources */,
				03EDFA10193738E0006E81E3 /* TwistInInactive@2x.png in Resources */,
				03EDFA2C19373938006E81E3 /* Default-568h@2x.png in Resources */,
				03EDFA17193738E0006E81E3 /* WaveIn4.png in Resources */,
				03EDFA07193738E0006E81E3 /* TwistIn2.png in Resources */,
				039E018618EB069A00FC59C4 /* launch_4.png in Resources */,
				03EDF9F3193738E0006E81E3 /* FingerSpreadActive.png in Resources */,
				039E017118EB068800FC59C4 /* shuffle_on@2x.png in Resources */,
				039E015D18EB068800FC59C4 /* forward_pressed@2x.png in Resources */,
				03EDFA08193738E0006E81E3 /* TwistIn2@2x.png in Resources */,
				03EDFA23193738E0006E81E3 /* WaveOut3.png in Resources */,
				039E015E18EB068800FC59C4 /* forward.png in Resources */,
				03EDFA1D193738E0006E81E3 /* WaveInInactive.png in Resources */,
				03EDFA14193738E0006E81E3 /* WaveIn2@2x.png in Resources */,
				03EDFA22193738E0006E81E3 /* WaveOut2@2x.png in Resources */,
				039E011818EB063A00FC59C4 /* Main.storyboard in Resources */,
				03EDFA2A193738E0006E81E3 /* WaveOutInactive@2x.png in Resources */,
				039E017518EB068800FC59C4 /* sound_plus@2x.png in Resources */,
				03EDFA0A193738E0006E81E3 /* TwistIn3@2x.png in Resources */,
				039E016E18EB068800FC59C4 /* shuffle_off.png in Resources */,
				039E018518EB069A00FC59C4 /* icon_spotlight@2x.png in Resources */,
				03EDFA0D193738E0006E81E3 /* TwistInActive.png in Resources */,
				039E018318EB069A00FC59C4 /* icon_service@2x.png in Resources */,
				03EDFA0B193738E0006E81E3 /* TwistIn4.png in Resources */,
				039E015F18EB068800FC59C4 /* forward@2x.png in Resources */,
				03EDF9F6193738E0006E81E3 /* FingerSpreadInactive@2x.png in Resources */,
				03EDFA0C193738E0006E81E3 /* TwistIn4@2x.png in Resources */,
				039E016118EB068800FC59C4 /* myo_logo_selected@2x.png in Resources */,
				039E015818EB068800FC59C4 /* backward_pressed.png in Resources */,
				03EDFA02193738E0006E81E3 /* FistInactive@2x.png in Resources */,
				03EDFA18193738E0006E81E3 /* WaveIn4@2x.png in Resources */,
				039E016918EB068800FC59C4 /* repeat_all@2x.png in Resources */,
				03EDFA1C193738E0006E81E3 /* WaveInActive@2x.png in Resources */,
				03EDF9FC193738E0006E81E3 /* Fist3@2x.png in Resources */,
				039E018118EB069A00FC59C4 /* icon_app@2x.png in Resources */,
				03EDF9F2193738E0006E81E3 /* FingerSpread3@2x.png in Resources */,
				039E018218EB069A00FC59C4 /* icon_service.png in Resources */,
				03EDFA01193738E0006E81E3 /* FistInactive.png in Resources */,
				03EDFA25193738E0006E81E3 /* WaveOut4.png in Resources */,
			);
			runOnlyForDeploymentPostprocessing = 0;
		};
		039E012018EB063A00FC59C4 /* Resources */ = {
			isa = PBXResourcesBuildPhase;
			buildActionMask = 2147483647;
			files = (
				039E012E18EB063A00FC59C4 /* InfoPlist.strings in Resources */,
			);
			runOnlyForDeploymentPostprocessing = 0;
		};
/* End PBXResourcesBuildPhase section */

/* Begin PBXSourcesBuildPhase section */
		039E00FD18EB063A00FC59C4 /* Sources */ = {
			isa = PBXSourcesBuildPhase;
			buildActionMask = 2147483647;
			files = (
				039E022218EB080600FC59C4 /* ViewController.m in Sources */,
				039E020D18EB06B800FC59C4 /* GVMusicPlayerController.m in Sources */,
				039E011118EB063A00FC59C4 /* main.m in Sources */,
				039E021E18EB07F800FC59C4 /* NSString+TimeToString.m in Sources */,
				039E021F18EB07F800FC59C4 /* MyoViewController.m in Sources */,
				039E011518EB063A00FC59C4 /* MDAppDelegate.m in Sources */,
			);
			runOnlyForDeploymentPostprocessing = 0;
		};
		039E011E18EB063A00FC59C4 /* Sources */ = {
			isa = PBXSourcesBuildPhase;
			buildActionMask = 2147483647;
			files = (
				039E013018EB063A00FC59C4 /* myosicTests.m in Sources */,
			);
			runOnlyForDeploymentPostprocessing = 0;
		};
/* End PBXSourcesBuildPhase section */

/* Begin PBXTargetDependency section */
		039E012818EB063A00FC59C4 /* PBXTargetDependency */ = {
			isa = PBXTargetDependency;
			target = 039E010018EB063A00FC59C4 /* myosic */;
			targetProxy = 039E012718EB063A00FC59C4 /* PBXContainerItemProxy */;
		};
/* End PBXTargetDependency section */

/* Begin PBXVariantGroup section */
		039E010D18EB063A00FC59C4 /* InfoPlist.strings */ = {
			isa = PBXVariantGroup;
			children = (
				039E010E18EB063A00FC59C4 /* en */,
			);
			name = InfoPlist.strings;
			sourceTree = "<group>";
		};
		039E011618EB063A00FC59C4 /* Main.storyboard */ = {
			isa = PBXVariantGroup;
			children = (
				039E011718EB063A00FC59C4 /* Base */,
			);
			name = Main.storyboard;
			sourceTree = "<group>";
		};
		039E012C18EB063A00FC59C4 /* InfoPlist.strings */ = {
			isa = PBXVariantGroup;
			children = (
				039E012D18EB063A00FC59C4 /* en */,
			);
			name = InfoPlist.strings;
			sourceTree = "<group>";
		};
/* End PBXVariantGroup section */

/* Begin XCBuildConfiguration section */
		039E013118EB063A00FC59C4 /* Debug */ = {
			isa = XCBuildConfiguration;
			buildSettings = {
				ALWAYS_SEARCH_USER_PATHS = NO;
				CLANG_CXX_LANGUAGE_STANDARD = "gnu++0x";
				CLANG_CXX_LIBRARY = "libc++";
				CLANG_ENABLE_MODULES = YES;
				CLANG_ENABLE_OBJC_ARC = YES;
				CLANG_WARN_BOOL_CONVERSION = YES;
				CLANG_WARN_CONSTANT_CONVERSION = YES;
				CLANG_WARN_DIRECT_OBJC_ISA_USAGE = YES_ERROR;
				CLANG_WARN_EMPTY_BODY = YES;
				CLANG_WARN_ENUM_CONVERSION = YES;
				CLANG_WARN_INT_CONVERSION = YES;
				CLANG_WARN_OBJC_ROOT_CLASS = YES_ERROR;
				CLANG_WARN__DUPLICATE_METHOD_MATCH = YES;
				"CODE_SIGN_IDENTITY[sdk=iphoneos*]" = "iPhone Developer";
				COPY_PHASE_STRIP = NO;
				GCC_C_LANGUAGE_STANDARD = gnu99;
				GCC_DYNAMIC_NO_PIC = NO;
				GCC_OPTIMIZATION_LEVEL = 0;
				GCC_PREPROCESSOR_DEFINITIONS = (
					"DEBUG=1",
					"$(inherited)",
				);
				GCC_SYMBOLS_PRIVATE_EXTERN = NO;
				GCC_WARN_64_TO_32_BIT_CONVERSION = YES;
				GCC_WARN_ABOUT_RETURN_TYPE = YES_ERROR;
				GCC_WARN_UNDECLARED_SELECTOR = YES;
				GCC_WARN_UNINITIALIZED_AUTOS = YES_AGGRESSIVE;
				GCC_WARN_UNUSED_FUNCTION = YES;
				GCC_WARN_UNUSED_VARIABLE = YES;
				IPHONEOS_DEPLOYMENT_TARGET = 7.1;
				ONLY_ACTIVE_ARCH = YES;
				SDKROOT = iphoneos;
			};
			name = Debug;
		};
		039E013218EB063A00FC59C4 /* Release */ = {
			isa = XCBuildConfiguration;
			buildSettings = {
				ALWAYS_SEARCH_USER_PATHS = NO;
				CLANG_CXX_LANGUAGE_STANDARD = "gnu++0x";
				CLANG_CXX_LIBRARY = "libc++";
				CLANG_ENABLE_MODULES = YES;
				CLANG_ENABLE_OBJC_ARC = YES;
				CLANG_WARN_BOOL_CONVERSION = YES;
				CLANG_WARN_CONSTANT_CONVERSION = YES;
				CLANG_WARN_DIRECT_OBJC_ISA_USAGE = YES_ERROR;
				CLANG_WARN_EMPTY_BODY = YES;
				CLANG_WARN_ENUM_CONVERSION = YES;
				CLANG_WARN_INT_CONVERSION = YES;
				CLANG_WARN_OBJC_ROOT_CLASS = YES_ERROR;
				CLANG_WARN__DUPLICATE_METHOD_MATCH = YES;
				"CODE_SIGN_IDENTITY[sdk=iphoneos*]" = "iPhone Developer";
				COPY_PHASE_STRIP = YES;
				ENABLE_NS_ASSERTIONS = NO;
				GCC_C_LANGUAGE_STANDARD = gnu99;
				GCC_WARN_64_TO_32_BIT_CONVERSION = YES;
				GCC_WARN_ABOUT_RETURN_TYPE = YES_ERROR;
				GCC_WARN_UNDECLARED_SELECTOR = YES;
				GCC_WARN_UNINITIALIZED_AUTOS = YES_AGGRESSIVE;
				GCC_WARN_UNUSED_FUNCTION = YES;
				GCC_WARN_UNUSED_VARIABLE = YES;
				IPHONEOS_DEPLOYMENT_TARGET = 7.1;
				SDKROOT = iphoneos;
				VALIDATE_PRODUCT = YES;
			};
			name = Release;
		};
		039E013418EB063A00FC59C4 /* Debug */ = {
			isa = XCBuildConfiguration;
			buildSettings = {
				FRAMEWORK_SEARCH_PATHS = (
					"$(inherited)",
					"$(PROJECT_DIR)/MyoKit.embeddedframework",
				);
				GCC_PRECOMPILE_PREFIX_HEADER = YES;
				GCC_PREFIX_HEADER = "myosic/myosic-Prefix.pch";
				INFOPLIST_FILE = "myosic/myosic-Info.plist";
				OTHER_LDFLAGS = "-ObjC";
				PRODUCT_NAME = "$(TARGET_NAME)";
				WRAPPER_EXTENSION = app;
			};
			name = Debug;
		};
		039E013518EB063A00FC59C4 /* Release */ = {
			isa = XCBuildConfiguration;
			buildSettings = {
				FRAMEWORK_SEARCH_PATHS = (
					"$(inherited)",
					"$(PROJECT_DIR)/MyoKit.embeddedframework",
				);
				GCC_PRECOMPILE_PREFIX_HEADER = YES;
				GCC_PREFIX_HEADER = "myosic/myosic-Prefix.pch";
				INFOPLIST_FILE = "myosic/myosic-Info.plist";
				OTHER_LDFLAGS = "-ObjC";
				PRODUCT_NAME = "$(TARGET_NAME)";
				WRAPPER_EXTENSION = app;
			};
			name = Release;
		};
		039E013718EB063A00FC59C4 /* Debug */ = {
			isa = XCBuildConfiguration;
			buildSettings = {
				BUNDLE_LOADER = "$(BUILT_PRODUCTS_DIR)/myosic.app/myosic";
				FRAMEWORK_SEARCH_PATHS = (
					"$(SDKROOT)/Developer/Library/Frameworks",
					"$(inherited)",
					"$(DEVELOPER_FRAMEWORKS_DIR)",
				);
				GCC_PRECOMPILE_PREFIX_HEADER = YES;
				GCC_PREFIX_HEADER = "myosic/myosic-Prefix.pch";
				GCC_PREPROCESSOR_DEFINITIONS = (
					"DEBUG=1",
					"$(inherited)",
				);
				INFOPLIST_FILE = "myosicTests/myosicTests-Info.plist";
				PRODUCT_NAME = "$(TARGET_NAME)";
				TEST_HOST = "$(BUNDLE_LOADER)";
				WRAPPER_EXTENSION = xctest;
			};
			name = Debug;
		};
		039E013818EB063A00FC59C4 /* Release */ = {
			isa = XCBuildConfiguration;
			buildSettings = {
				BUNDLE_LOADER = "$(BUILT_PRODUCTS_DIR)/myosic.app/myosic";
				FRAMEWORK_SEARCH_PATHS = (
					"$(SDKROOT)/Developer/Library/Frameworks",
					"$(inherited)",
					"$(DEVELOPER_FRAMEWORKS_DIR)",
				);
				GCC_PRECOMPILE_PREFIX_HEADER = YES;
				GCC_PREFIX_HEADER = "myosic/myosic-Prefix.pch";
				INFOPLIST_FILE = "myosicTests/myosicTests-Info.plist";
				PRODUCT_NAME = "$(TARGET_NAME)";
				TEST_HOST = "$(BUNDLE_LOADER)";
				WRAPPER_EXTENSION = xctest;
			};
			name = Release;
		};
/* End XCBuildConfiguration section */

/* Begin XCConfigurationList section */
		039E00FC18EB063A00FC59C4 /* Build configuration list for PBXProject "myosic" */ = {
			isa = XCConfigurationList;
			buildConfigurations = (
				039E013118EB063A00FC59C4 /* Debug */,
				039E013218EB063A00FC59C4 /* Release */,
			);
			defaultConfigurationIsVisible = 0;
			defaultConfigurationName = Release;
		};
		039E013318EB063A00FC59C4 /* Build configuration list for PBXNativeTarget "myosic" */ = {
			isa = XCConfigurationList;
			buildConfigurations = (
				039E013418EB063A00FC59C4 /* Debug */,
				039E013518EB063A00FC59C4 /* Release */,
			);
			defaultConfigurationIsVisible = 0;
			defaultConfigurationName = Release;
		};
		039E013618EB063A00FC59C4 /* Build configuration list for PBXNativeTarget "myosicTests" */ = {
			isa = XCConfigurationList;
			buildConfigurations = (
				039E013718EB063A00FC59C4 /* Debug */,
				039E013818EB063A00FC59C4 /* Release */,
			);
			defaultConfigurationIsVisible = 0;
			defaultConfigurationName = Release;
		};
/* End XCConfigurationList section */
	};
	rootObject = 039E00F918EB063A00FC59C4 /* Project object */;
}
